# This file is automatically @generated by Poetry 1.8.5 and should not be changed by hand.

[[package]]
name = "asgiref"
version = "3.8.1"
description = "ASGI specs, helper code, and adapters"
optional = false
python-versions = ">=3.8"
files = [
    {file = "asgiref-3.8.1-py3-none-any.whl", hash = "sha256:3e1e3ecc849832fe52ccf2cb6686b7a55f82bb1d6aee72a58826471390335e47"},
    {file = "asgiref-3.8.1.tar.gz", hash = "sha256:c343bd80a0bec947a9860adb4c432ffa7db769836c64238fc34bdc3fec84d590"},
]

[package.extras]
tests = ["mypy (>=0.800)", "pytest", "pytest-asyncio"]

[[package]]
name = "beautifulsoup4"
version = "4.13.4"
description = "Screen-scraping library"
optional = false
python-versions = ">=3.7.0"
files = [
    {file = "beautifulsoup4-4.13.4-py3-none-any.whl", hash = "sha256:9bbbb14bfde9d79f38b8cd5f8c7c85f4b8f2523190ebed90e950a8dea4cb1c4b"},
    {file = "beautifulsoup4-4.13.4.tar.gz", hash = "sha256:dbb3c4e1ceae6aefebdaf2423247260cd062430a410e38c66f2baa50a8437195"},
]

[package.dependencies]
soupsieve = ">1.2"
typing-extensions = ">=4.0.0"

[package.extras]
cchardet = ["cchardet"]
chardet = ["chardet"]
charset-normalizer = ["charset-normalizer"]
html5lib = ["html5lib"]
lxml = ["lxml"]

[[package]]
name = "behave"
version = "1.2.6"
description = "behave is behaviour-driven development, Python style"
optional = false
python-versions = ">=2.6, !=3.0.*, !=3.1.*, !=3.2.*"
files = [
    {file = "behave-1.2.6-py2.py3-none-any.whl", hash = "sha256:ebda1a6c9e5bfe95c5f9f0a2794e01c7098b3dde86c10a95d8621c5907ff6f1c"},
    {file = "behave-1.2.6.tar.gz", hash = "sha256:b9662327aa53294c1351b0a9c369093ccec1d21026f050c3bd9b3e5cccf81a86"},
]

[package.dependencies]
parse = ">=1.8.2"
parse-type = ">=0.4.2"
six = ">=1.11"

[package.extras]
develop = ["coverage", "invoke (>=0.21.0)", "modernize (>=0.5)", "path.py (>=8.1.2)", "pathlib", "pycmd", "pylint", "pytest (>=3.0)", "pytest-cov", "tox"]
docs = ["sphinx (>=1.6)", "sphinx-bootstrap-theme (>=0.6)"]

[[package]]
name = "behave-django"
version = "1.4.0"
description = "Behave BDD integration for Django"
optional = false
python-versions = "*"
files = [
    {file = "behave-django-1.4.0.tar.gz", hash = "sha256:aecbc535699517100c1e443eadb4a5d761c2b1d2f4364d88c8e74a236c915c9c"},
    {file = "behave_django-1.4.0-py3-none-any.whl", hash = "sha256:a75b88ab7e5ceb1efa9836c73e5e2db2c5fdc2e99d5901138c5cdab356d1680b"},
]

[package.dependencies]
beautifulsoup4 = "*"
behave = "*"

[[package]]
name = "django"
version = "4.2.11"
description = "A high-level Python web framework that encourages rapid development and clean, pragmatic design."
optional = false
python-versions = ">=3.8"
files = [
    {file = "Django-4.2.11-py3-none-any.whl", hash = "sha256:ddc24a0a8280a0430baa37aff11f28574720af05888c62b7cfe71d219f4599d3"},
    {file = "Django-4.2.11.tar.gz", hash = "sha256:6e6ff3db2d8dd0c986b4eec8554c8e4f919b5c1ff62a5b4390c17aff2ed6e5c4"},
]

[package.dependencies]
asgiref = ">=3.6.0,<4"
sqlparse = ">=0.3.1"
tzdata = {version = "*", markers = "sys_platform == \"win32\""}

[package.extras]
argon2 = ["argon2-cffi (>=19.1.0)"]
bcrypt = ["bcrypt"]

[[package]]
name = "parse"
version = "1.20.2"
description = "parse() is the opposite of format()"
optional = false
python-versions = "*"
files = [
    {file = "parse-1.20.2-py2.py3-none-any.whl", hash = "sha256:967095588cb802add9177d0c0b6133b5ba33b1ea9007ca800e526f42a85af558"},
    {file = "parse-1.20.2.tar.gz", hash = "sha256:b41d604d16503c79d81af5165155c0b20f6c8d6c559efa66b4b695c3e5a0a0ce"},
]

[[package]]
name = "parse-type"
version = "0.6.4"
description = "Simplifies to build parse types based on the parse module"
optional = false
python-versions = "!=3.0.*,!=3.1.*,>=2.7"
files = [
    {file = "parse_type-0.6.4-py2.py3-none-any.whl", hash = "sha256:83d41144a82d6b8541127bf212dd76c7f01baff680b498ce8a4d052a7a5bce4c"},
    {file = "parse_type-0.6.4.tar.gz", hash = "sha256:5e1ec10440b000c3f818006033372939e693a9ec0176f446d9303e4db88489a6"},
]

[package.dependencies]
parse = {version = ">=1.18.0", markers = "python_version >= \"3.0\""}
six = ">=1.15"

[package.extras]
develop = ["build (>=0.5.1)", "coverage (>=4.4)", "pylint", "pytest (<5.0)", "pytest (>=5.0)", "pytest-cov", "pytest-html (>=1.19.0)", "ruff", "setuptools", "setuptools-scm", "tox (>=2.8,<4.0)", "twine (>=1.13.0)", "virtualenv (<20.22.0)", "virtualenv (>=20.0.0)", "wheel"]
docs = ["Sphinx (>=1.6)", "sphinx-bootstrap-theme (>=0.6.0)"]
testing = ["pytest (<5.0)", "pytest (>=5.0)", "pytest-html (>=1.19.0)"]

[[package]]
name = "python-dotenv"
version = "1.1.0"
description = "Read key-value pairs from a .env file and set them as environment variables"
optional = false
python-versions = ">=3.9"
files = [
    {file = "python_dotenv-1.1.0-py3-none-any.whl", hash = "sha256:d7c01d9e2293916c18baf562d95698754b0dbbb5e74d457c45d4f6561fb9d55d"},
    {file = "python_dotenv-1.1.0.tar.gz", hash = "sha256:41f90bc6f5f177fb41f53e87666db362025010eb28f60a01c9143bfa33a2b2d5"},
]

[package.extras]
cli = ["click (>=5.0)"]

[[package]]
name = "six"
version = "1.17.0"
description = "Python 2 and 3 compatibility utilities"
optional = false
python-versions = "!=3.0.*,!=3.1.*,!=3.2.*,>=2.7"
files = [
    {file = "six-1.17.0-py2.py3-none-any.whl", hash = "sha256:4721f391ed90541fddacab5acf947aa0d3dc7d27b2e1e8eda2be8970586c3274"},
    {file = "six-1.17.0.tar.gz", hash = "sha256:ff70335d468e7eb6ec65b95b99d3a2836546063f63acc5171de367e834932a81"},
]

[[package]]
name = "soupsieve"
version = "2.7"
description = "A modern CSS selector implementation for Beautiful Soup."
optional = false
python-versions = ">=3.8"
files = [
    {file = "soupsieve-2.7-py3-none-any.whl", hash = "sha256:6e60cc5c1ffaf1cebcc12e8188320b72071e922c2e897f737cadce79ad5d30c4"},
    {file = "soupsieve-2.7.tar.gz", hash = "sha256:ad282f9b6926286d2ead4750552c8a6142bc4c783fd66b0293547c8fe6ae126a"},
]

[[package]]
name = "sqlparse"
version = "0.5.3"
description = "A non-validating SQL parser."
optional = false
python-versions = ">=3.8"
files = [
    {file = "sqlparse-0.5.3-py3-none-any.whl", hash = "sha256:cf2196ed3418f3ba5de6af7e82c694a9fbdbfecccdfc72e281548517081f16ca"},
    {file = "sqlparse-0.5.3.tar.gz", hash = "sha256:09f67787f56a0b16ecdbde1bfc7f5d9c3371ca683cfeaa8e6ff60b4807ec9272"},
]

[package.extras]
dev = ["build", "hatch"]
doc = ["sphinx"]

[[package]]
name = "typing-extensions"
version = "4.13.2"
description = "Backported and Experimental Type Hints for Python 3.8+"
optional = false
python-versions = ">=3.8"
files = [
    {file = "typing_extensions-4.13.2-py3-none-any.whl", hash = "sha256:a439e7c04b49fec3e5d3e2beaa21755cadbbdc391694e28ccdd36ca4a1408f8c"},
    {file = "typing_extensions-4.13.2.tar.gz", hash = "sha256:e6c81219bd689f51865d9e372991c540bda33a0379d5573cddb9a3a23f7caaef"},
]

[[package]]
name = "tzdata"
version = "2025.2"
description = "Provider of IANA time zone data"
optional = false
python-versions = ">=2"
files = [
    {file = "tzdata-2025.2-py2.py3-none-any.whl", hash = "sha256:1a403fada01ff9221ca8044d701868fa132215d84beb92242d9acd2147f667a8"},
    {file = "tzdata-2025.2.tar.gz", hash = "sha256:b60a638fcc0daffadf82fe0f57e53d06bdec2f36c4df66280ae79bce6bd6f2b9"},
]

[metadata]
lock-version = "2.0"
python-versions = "^3.11"
content-hash = "d0498df45ac05c21da6f861433ba09c524c36c2dcf37967fe48df6b273bea1d2"
